// !$*UTF8*$!
{
	archiveVersion = 1;
	classes = {
	};
	objectVersion = 46;
	objects = {

/* Begin PBXBuildFile section */
		21202AF11EE588E000E43AAB /* Preferences.swift in Sources */ = {isa = PBXBuildFile; fileRef = 21202AF01EE588E000E43AAB /* Preferences.swift */; };
		21718BEE1E8AE590000DEFC5 /* RestartViewController.swift in Sources */ = {isa = PBXBuildFile; fileRef = 21718BED1E8AE590000DEFC5 /* RestartViewController.swift */; };
		21718BF01E8B4798000DEFC5 /* ShutdownViewController.swift in Sources */ = {isa = PBXBuildFile; fileRef = 21718BEF1E8B4798000DEFC5 /* ShutdownViewController.swift */; };
		2181E9851E3D56E900993F5A /* AppDelegate.swift in Sources */ = {isa = PBXBuildFile; fileRef = 2181E9841E3D56E900993F5A /* AppDelegate.swift */; };
		2181E9871E3D56E900993F5A /* ViewController.swift in Sources */ = {isa = PBXBuildFile; fileRef = 2181E9861E3D56E900993F5A /* ViewController.swift */; };
		2181E9891E3D56E900993F5A /* Assets.xcassets in Resources */ = {isa = PBXBuildFile; fileRef = 2181E9881E3D56E900993F5A /* Assets.xcassets */; };
		2181E98C1E3D56E900993F5A /* Main.storyboard in Resources */ = {isa = PBXBuildFile; fileRef = 2181E98A1E3D56E900993F5A /* Main.storyboard */; };
		2181E9941E3D578A00993F5A /* EventMonitor.swift in Sources */ = {isa = PBXBuildFile; fileRef = 2181E9931E3D578A00993F5A /* EventMonitor.swift */; };
/* End PBXBuildFile section */

/* Begin PBXFileReference section */
		21202AF01EE588E000E43AAB /* Preferences.swift */ = {isa = PBXFileReference; fileEncoding = 4; lastKnownFileType = sourcecode.swift; path = Preferences.swift; sourceTree = "<group>"; };
		21718BED1E8AE590000DEFC5 /* RestartViewController.swift */ = {isa = PBXFileReference; fileEncoding = 4; lastKnownFileType = sourcecode.swift; path = RestartViewController.swift; sourceTree = "<group>"; };
		21718BEF1E8B4798000DEFC5 /* ShutdownViewController.swift */ = {isa = PBXFileReference; fileEncoding = 4; lastKnownFileType = sourcecode.swift; path = ShutdownViewController.swift; sourceTree = "<group>"; };
		2181E9811E3D56E900993F5A /* TimeUp.app */ = {isa = PBXFileReference; explicitFileType = wrapper.application; includeInIndex = 0; path = TimeUp.app; sourceTree = BUILT_PRODUCTS_DIR; };
		2181E9841E3D56E900993F5A /* AppDelegate.swift */ = {isa = PBXFileReference; lastKnownFileType = sourcecode.swift; path = AppDelegate.swift; sourceTree = "<group>"; };
		2181E9861E3D56E900993F5A /* ViewController.swift */ = {isa = PBXFileReference; lastKnownFileType = sourcecode.swift; path = ViewController.swift; sourceTree = "<group>"; };
		2181E9881E3D56E900993F5A /* Assets.xcassets */ = {isa = PBXFileReference; lastKnownFileType = folder.assetcatalog; path = Assets.xcassets; sourceTree = "<group>"; };
		2181E98B1E3D56E900993F5A /* Base */ = {isa = PBXFileReference; lastKnownFileType = file.storyboard; name = Base; path = Base.lproj/Main.storyboard; sourceTree = "<group>"; };
		2181E98D1E3D56E900993F5A /* Info.plist */ = {isa = PBXFileReference; lastKnownFileType = text.plist.xml; path = Info.plist; sourceTree = "<group>"; };
		2181E9931E3D578A00993F5A /* EventMonitor.swift */ = {isa = PBXFileReference; fileEncoding = 4; lastKnownFileType = sourcecode.swift; path = EventMonitor.swift; sourceTree = "<group>"; };
/* End PBXFileReference section */

/* Begin PBXFrameworksBuildPhase section */
		2181E97E1E3D56E900993F5A /* Frameworks */ = {
			isa = PBXFrameworksBuildPhase;
			buildActionMask = 2147483647;
			files = (
			);
			runOnlyForDeploymentPostprocessing = 0;
		};
/* End PBXFrameworksBuildPhase section */

/* Begin PBXGroup section */
		2181E9781E3D56E900993F5A = {
			isa = PBXGroup;
			children = (
				2181E9831E3D56E900993F5A /* TimeUp */,
				2181E9821E3D56E900993F5A /* Products */,
			);
			sourceTree = "<group>";
		};
		2181E9821E3D56E900993F5A /* Products */ = {
			isa = PBXGroup;
			children = (
				2181E9811E3D56E900993F5A /* TimeUp.app */,
			);
			name = Products;
			sourceTree = "<group>";
		};
		2181E9831E3D56E900993F5A /* TimeUp */ = {
			isa = PBXGroup;
			children = (
				2181E9841E3D56E900993F5A /* AppDelegate.swift */,
				2181E9861E3D56E900993F5A /* ViewController.swift */,
				2181E9931E3D578A00993F5A /* EventMonitor.swift */,
				21718BEF1E8B4798000DEFC5 /* ShutdownViewController.swift */,
				21718BED1E8AE590000DEFC5 /* RestartViewController.swift */,
				2181E9881E3D56E900993F5A /* Assets.xcassets */,
				2181E98A1E3D56E900993F5A /* Main.storyboard */,
				2181E98D1E3D56E900993F5A /* Info.plist */,
				21202AF01EE588E000E43AAB /* Preferences.swift */,
			);
			path = TimeUp;
			sourceTree = "<group>";
		};
/* End PBXGroup section */

/* Begin PBXNativeTarget section */
		2181E9801E3D56E900993F5A /* TimeUp */ = {
			isa = PBXNativeTarget;
			buildConfigurationList = 2181E9901E3D56E900993F5A /* Build configuration list for PBXNativeTarget "TimeUp" */;
			buildPhases = (
				2181E97D1E3D56E900993F5A /* Sources */,
				2181E97E1E3D56E900993F5A /* Frameworks */,
				2181E97F1E3D56E900993F5A /* Resources */,
			);
			buildRules = (
			);
			dependencies = (
			);
			name = TimeUp;
			productName = TimeUp;
			productReference = 2181E9811E3D56E900993F5A /* TimeUp.app */;
			productType = "com.apple.product-type.application";
		};
/* End PBXNativeTarget section */

/* Begin PBXProject section */
		2181E9791E3D56E900993F5A /* Project object */ = {
			isa = PBXProject;
			attributes = {
				LastSwiftUpdateCheck = 0810;
				LastUpgradeCheck = 0830;
				ORGANIZATIONNAME = "Evan I. Trowbridge";
				TargetAttributes = {
					2181E9801E3D56E900993F5A = {
						CreatedOnToolsVersion = 8.1;
						DevelopmentTeam = APEU62CJ7Y;
						LastSwiftMigration = 0810;
						ProvisioningStyle = Automatic;
					};
				};
			};
			buildConfigurationList = 2181E97C1E3D56E900993F5A /* Build configuration list for PBXProject "TimeUp" */;
			compatibilityVersion = "Xcode 3.2";
			developmentRegion = English;
			hasScannedForEncodings = 0;
			knownRegions = (
				en,
				Base,
			);
			mainGroup = 2181E9781E3D56E900993F5A;
			productRefGroup = 2181E9821E3D56E900993F5A /* Products */;
			projectDirPath = "";
			projectRoot = "";
			targets = (
				2181E9801E3D56E900993F5A /* TimeUp */,
			);
		};
/* End PBXProject section */

/* Begin PBXResourcesBuildPhase section */
		2181E97F1E3D56E900993F5A /* Resources */ = {
			isa = PBXResourcesBuildPhase;
			buildActionMask = 2147483647;
			files = (
				2181E9891E3D56E900993F5A /* Assets.xcassets in Resources */,
				2181E98C1E3D56E900993F5A /* Main.storyboard in Resources */,
			);
			runOnlyForDeploymentPostprocessing = 0;
		};
/* End PBXResourcesBuildPhase section */

/* Begin PBXSourcesBuildPhase section */
		2181E97D1E3D56E900993F5A /* Sources */ = {
			isa = PBXSourcesBuildPhase;
			buildActionMask = 2147483647;
			files = (
				21202AF11EE588E000E43AAB /* Preferences.swift in Sources */,
				2181E9941E3D578A00993F5A /* EventMonitor.swift in Sources */,
				2181E9871E3D56E900993F5A /* ViewController.swift in Sources */,
				21718BEE1E8AE590000DEFC5 /* RestartViewController.swift in Sources */,
				21718BF01E8B4798000DEFC5 /* ShutdownViewController.swift in Sources */,
				2181E9851E3D56E900993F5A /* AppDelegate.swift in Sources */,
			);
			runOnlyForDeploymentPostprocessing = 0;
		};
/* End PBXSourcesBuildPhase section */

/* Begin PBXVariantGroup section */
		2181E98A1E3D56E900993F5A /* Main.storyboard */ = {
			isa = PBXVariantGroup;
			children = (
				2181E98B1E3D56E900993F5A /* Base */,
			);
			name = Main.storyboard;
			sourceTree = "<group>";
		};
/* End PBXVariantGroup section */

/* Begin XCBuildConfiguration section */
		2181E98E1E3D56E900993F5A /* Debug */ = {
			isa = XCBuildConfiguration;
			buildSettings = {
				ALWAYS_SEARCH_USER_PATHS = NO;
				CLANG_ANALYZER_NONNULL = YES;
				CLANG_CXX_LANGUAGE_STANDARD = "gnu++0x";
				CLANG_CXX_LIBRARY = "libc++";
				CLANG_ENABLE_MODULES = YES;
				CLANG_ENABLE_OBJC_ARC = YES;
				CLANG_WARN_BOOL_CONVERSION = YES;
				CLANG_WARN_CONSTANT_CONVERSION = YES;
				CLANG_WARN_DIRECT_OBJC_ISA_USAGE = YES_ERROR;
				CLANG_WARN_DOCUMENTATION_COMMENTS = YES;
				CLANG_WARN_EMPTY_BODY = YES;
				CLANG_WARN_ENUM_CONVERSION = YES;
				CLANG_WARN_INFINITE_RECURSION = YES;
				CLANG_WARN_INT_CONVERSION = YES;
				CLANG_WARN_OBJC_ROOT_CLASS = YES_ERROR;
				CLANG_WARN_SUSPICIOUS_MOVE = YES;
				CLANG_WARN_SUSPICIOUS_MOVES = YES;
				CLANG_WARN_UNREACHABLE_CODE = YES;
				CLANG_WARN__DUPLICATE_METHOD_MATCH = YES;
				CODE_SIGN_IDENTITY = "-";
				COPY_PHASE_STRIP = NO;
				DEBUG_INFORMATION_FORMAT = dwarf;
				ENABLE_STRICT_OBJC_MSGSEND = YES;
				ENABLE_TESTABILITY = YES;
				GCC_C_LANGUAGE_STANDARD = gnu99;
				GCC_DYNAMIC_NO_PIC = NO;
				GCC_NO_COMMON_BLOCKS = YES;
				GCC_OPTIMIZATION_LEVEL = 0;
				GCC_PREPROCESSOR_DEFINITIONS = (
					"DEBUG=1",
					"$(inherited)",
				);
				GCC_WARN_64_TO_32_BIT_CONVERSION = YES;
				GCC_WARN_ABOUT_RETURN_TYPE = YES_ERROR;
				GCC_WARN_UNDECLARED_SELECTOR = YES;
				GCC_WARN_UNINITIALIZED_AUTOS = YES_AGGRESSIVE;
				GCC_WARN_UNUSED_FUNCTION = YES;
				GCC_WARN_UNUSED_VARIABLE = YES;
				MACOSX_DEPLOYMENT_TARGET = 10.11;
				MTL_ENABLE_DEBUG_INFO = YES;
				ONLY_ACTIVE_ARCH = YES;
				SDKROOT = macosx;
				SWIFT_ACTIVE_COMPILATION_CONDITIONS = DEBUG;
				SWIFT_OPTIMIZATION_LEVEL = "-Onone";
			};
			name = Debug;
		};
		2181E98F1E3D56E900993F5A /* Release */ = {
			isa = XCBuildConfiguration;
			buildSettings = {
				ALWAYS_SEARCH_USER_PATHS = NO;
				CLANG_ANALYZER_NONNULL = YES;
				CLANG_CXX_LANGUAGE_STANDARD = "gnu++0x";
				CLANG_CXX_LIBRARY = "libc++";
				CLANG_ENABLE_MODULES = YES;
				CLANG_ENABLE_OBJC_ARC = YES;
				CLANG_WARN_BOOL_CONVERSION = YES;
				CLANG_WARN_CONSTANT_CONVERSION = YES;
				CLANG_WARN_DIRECT_OBJC_ISA_USAGE = YES_ERROR;
				CLANG_WARN_DOCUMENTATION_COMMENTS = YES;
				CLANG_WARN_EMPTY_BODY = YES;
				CLANG_WARN_ENUM_CONVERSION = YES;
				CLANG_WARN_INFINITE_RECURSION = YES;
				CLANG_WARN_INT_CONVERSION = YES;
				CLANG_WARN_OBJC_ROOT_CLASS = YES_ERROR;
				CLANG_WARN_SUSPICIOUS_MOVE = YES;
				CLANG_WARN_SUSPICIOUS_MOVES = YES;
				CLANG_WARN_UNREACHABLE_CODE = YES;
				CLANG_WARN__DUPLICATE_METHOD_MATCH = YES;
				CODE_SIGN_IDENTITY = "-";
				COPY_PHASE_STRIP = NO;
				DEBUG_INFORMATION_FORMAT = "dwarf-with-dsym";
				ENABLE_NS_ASSERTIONS = NO;
				ENABLE_STRICT_OBJC_MSGSEND = YES;
				GCC_C_LANGUAGE_STANDARD = gnu99;
				GCC_NO_COMMON_BLOCKS = YES;
				GCC_WARN_64_TO_32_BIT_CONVERSION = YES;
				GCC_WARN_ABOUT_RETURN_TYPE = YES_ERROR;
				GCC_WARN_UNDECLARED_SELECTOR = YES;
				GCC_WARN_UNINITIALIZED_AUTOS = YES_AGGRESSIVE;
				GCC_WARN_UNUSED_FUNCTION = YES;
				GCC_WARN_UNUSED_VARIABLE = YES;
				MACOSX_DEPLOYMENT_TARGET = 10.11;
				MTL_ENABLE_DEBUG_INFO = NO;
				SDKROOT = macosx;
				SWIFT_OPTIMIZATION_LEVEL = "-Owholemodule";
			};
			name = Release;
		};
		2181E9911E3D56E900993F5A /* Debug */ = {
			isa = XCBuildConfiguration;
			buildSettings = {
				ASSETCATALOG_COMPILER_APPICON_NAME = AppIcon;
				CLANG_ENABLE_MODULES = YES;
				CODE_SIGN_IDENTITY = "Mac Developer";
				COMBINE_HIDPI_IMAGES = YES;
				DEVELOPMENT_TEAM = APEU62CJ7Y;
				INFOPLIST_FILE = TimeUp/Info.plist;
				LD_RUNPATH_SEARCH_PATHS = "$(inherited) @executable_path/../Frameworks";
				MACOSX_DEPLOYMENT_TARGET = 10.12;
				PRODUCT_BUNDLE_IDENTIFIER = trowlink.net.TimeUp;
				PRODUCT_NAME = "$(TARGET_NAME)";
				SWIFT_OPTIMIZATION_LEVEL = "-Onone";
				SWIFT_VERSION = 3.0;
			};
			name = Debug;
		};
		2181E9921E3D56E900993F5A /* Release */ = {
			isa = XCBuildConfiguration;
			buildSettings = {
				ASSETCATALOG_COMPILER_APPICON_NAME = AppIcon;
				CLANG_ENABLE_MODULES = YES;
				CODE_SIGN_IDENTITY = "Mac Developer";
				COMBINE_HIDPI_IMAGES = YES;
				DEVELOPMENT_TEAM = APEU62CJ7Y;
				INFOPLIST_FILE = TimeUp/Info.plist;
				LD_RUNPATH_SEARCH_PATHS = "$(inherited) @executable_path/../Frameworks";
				MACOSX_DEPLOYMENT_TARGET = 10.12;
				PRODUCT_BUNDLE_IDENTIFIER = trowlink.net.TimeUp;
				PRODUCT_NAME = "$(TARGET_NAME)";
				SWIFT_VERSION = 3.0;
			};
			name = Release;
		};
/* End XCBuildConfiguration section */

/* Begin XCConfigurationList section */
		2181E97C1E3D56E900993F5A /* Build configuration list for PBXProject "TimeUp" */ = {
			isa = XCConfigurationList;
			buildConfigurations = (
				2181E98E1E3D56E900993F5A /* Debug */,
				2181E98F1E3D56E900993F5A /* Release */,
			);
			defaultConfigurationIsVisible = 0;
			defaultConfigurationName = Release;
		};
		2181E9901E3D56E900993F5A /* Build configuration list for PBXNativeTarget "TimeUp" */ = {
			isa = XCConfigurationList;
			buildConfigurations = (
				2181E9911E3D56E900993F5A /* Debug */,
				2181E9921E3D56E900993F5A /* Release */,
			);
			defaultConfigurationIsVisible = 0;
			defaultConfigurationName = Release;
		};
/* End XCConfigurationList section */
	};
	rootObject = 2181E9791E3D56E900993F5A /* Project object */;
}
